
Microsoft Visual Studio Solution File, Format Version 12.00
# Visual Studio Version 17
VisualStudioVersion = 17.0.31903.59
MinimumVisualStudioVersion = 10.0.40219.1
Project("{2150E333-8FDC-42A3-9474-1A3956D46DE8}") = "src", "src", "{827E0CD3-B72D-47B6-A68D-7590B98EB39B}"
EndProject
Project("{2150E333-8FDC-42A3-9474-1A3956D46DE8}") = "Core", "Core", "{8D626EA8-CB54-BC41-363A-217881BEBA6E}"
EndProject
Project("{FAE04EC0-301F-11D3-BF4B-00C04F79EFBC}") = "FlowArchitecture.Core", "src\Core\FlowArchitecture.Core\FlowArchitecture.Core.csproj", "{D7AFC12B-05EC-4D0E-BEAB-A1D27C8AD5BD}"
EndProject
Project("{FAE04EC0-301F-11D3-BF4B-00C04F79EFBC}") = "FlowArchitecture.Common", "src\Core\FlowArchitecture.Common\FlowArchitecture.Common.csproj", "{37D0EF0E-6293-4223-861B-C1D415F1E989}"
EndProject
Project("{2150E333-8FDC-42A3-9474-1A3956D46DE8}") = "Services", "Services", "{984BB9B3-3FA3-BE33-9484-CAC21695A33C}"
EndProject
Project("{FAE04EC0-301F-11D3-BF4B-00C04F79EFBC}") = "FlowArchitecture.Services.Abstractions", "src\Services\FlowArchitecture.Services.Abstractions\FlowArchitecture.Services.Abstractions.csproj", "{AFD5B973-A37C-49CF-938F-C8C1EE77C302}"
EndProject
Project("{FAE04EC0-301F-11D3-BF4B-00C04F79EFBC}") = "FlowArchitecture.Services.Importers", "src\Services\FlowArchitecture.Services.Importers\FlowArchitecture.Services.Importers.csproj", "{117B96E8-5CD1-4FAE-B4A3-78B942BBBF08}"
EndProject
Project("{FAE04EC0-301F-11D3-BF4B-00C04F79EFBC}") = "FlowArchitecture.Services.Processors", "src\Services\FlowArchitecture.Services.Processors\FlowArchitecture.Services.Processors.csproj", "{6155D879-475D-40EE-8C01-D69541356F46}"
EndProject
Project("{FAE04EC0-301F-11D3-BF4B-00C04F79EFBC}") = "FlowArchitecture.Services.Exporters", "src\Services\FlowArchitecture.Services.Exporters\FlowArchitecture.Services.Exporters.csproj", "{31C023BB-F37E-4D0D-A2B9-472FF700C464}"
EndProject
Project("{FAE04EC0-301F-11D3-BF4B-00C04F79EFBC}") = "FlowArchitecture.Services.Managers", "src\Services\FlowArchitecture.Services.Managers\FlowArchitecture.Services.Managers.csproj", "{090EC8C8-B4E9-4639-80D0-85D99105AC35}"
EndProject
Project("{2150E333-8FDC-42A3-9474-1A3956D46DE8}") = "Protocols", "Protocols", "{351A7BE6-B036-BDE8-A0F1-BA266E226DDF}"
EndProject
Project("{FAE04EC0-301F-11D3-BF4B-00C04F79EFBC}") = "FlowArchitecture.Protocols.Abstractions", "src\Protocols\FlowArchitecture.Protocols.Abstractions\FlowArchitecture.Protocols.Abstractions.csproj", "{C4CD3AC9-45A7-4CA5-B93B-1AD6D94DD278}"
EndProject
Project("{FAE04EC0-301F-11D3-BF4B-00C04F79EFBC}") = "FlowArchitecture.Protocols.Implementations", "src\Protocols\FlowArchitecture.Protocols.Implementations\FlowArchitecture.Protocols.Implementations.csproj", "{6DB53077-7B27-4338-B935-1E9F1EBDE87F}"
EndProject
Project("{2150E333-8FDC-42A3-9474-1A3956D46DE8}") = "Entities", "Entities", "{5F5D2DA1-D523-9746-CCCB-000D35E306D2}"
EndProject
Project("{FAE04EC0-301F-11D3-BF4B-00C04F79EFBC}") = "FlowArchitecture.Entities.Abstractions", "src\Entities\FlowArchitecture.Entities.Abstractions\FlowArchitecture.Entities.Abstractions.csproj", "{BD492D37-A1D6-4DB4-87AD-6E71577DD802}"
EndProject
Project("{FAE04EC0-301F-11D3-BF4B-00C04F79EFBC}") = "FlowArchitecture.Entities.Implementations", "src\Entities\FlowArchitecture.Entities.Implementations\FlowArchitecture.Entities.Implementations.csproj", "{393793A5-3FAC-4C79-9439-825D672C08B5}"
EndProject
Project("{2150E333-8FDC-42A3-9474-1A3956D46DE8}") = "Infrastructure", "Infrastructure", "{9048EB7F-3875-A59E-E36B-5BD4C6F2A282}"
EndProject
Project("{FAE04EC0-301F-11D3-BF4B-00C04F79EFBC}") = "FlowArchitecture.Infrastructure.Data", "src\Infrastructure\FlowArchitecture.Infrastructure.Data\FlowArchitecture.Infrastructure.Data.csproj", "{A73DE59F-2209-43EF-879A-14202DF948B6}"
EndProject
Project("{FAE04EC0-301F-11D3-BF4B-00C04F79EFBC}") = "FlowArchitecture.Infrastructure.Messaging", "src\Infrastructure\FlowArchitecture.Infrastructure.Messaging\FlowArchitecture.Infrastructure.Messaging.csproj", "{67FAD5E4-25D2-4C54-830D-945FF5A740F0}"
EndProject
Project("{FAE04EC0-301F-11D3-BF4B-00C04F79EFBC}") = "FlowArchitecture.Observability", "src\Infrastructure\FlowArchitecture.Observability\FlowArchitecture.Observability.csproj", "{A21E6821-EA09-4275-AE4B-48D6D972D454}"
EndProject
Project("{2150E333-8FDC-42A3-9474-1A3956D46DE8}") = "Hosting", "Hosting", "{F489E2D5-C65D-9AA9-2B96-C7DF79630172}"
EndProject
Project("{FAE04EC0-301F-11D3-BF4B-00C04F79EFBC}") = "FlowArchitecture.Worker.Importer", "src\Hosting\FlowArchitecture.Worker.Importer\FlowArchitecture.Worker.Importer.csproj", "{E020ACF6-DDC5-441F-9A85-50AB5512BF21}"
EndProject
Project("{FAE04EC0-301F-11D3-BF4B-00C04F79EFBC}") = "FlowArchitecture.Worker.Processor", "src\Hosting\FlowArchitecture.Worker.Processor\FlowArchitecture.Worker.Processor.csproj", "{A6560DCD-241E-4782-8811-372FB139D0B7}"
EndProject
Project("{FAE04EC0-301F-11D3-BF4B-00C04F79EFBC}") = "FlowArchitecture.Worker.Exporter", "src\Hosting\FlowArchitecture.Worker.Exporter\FlowArchitecture.Worker.Exporter.csproj", "{7C19750E-9318-4672-BA38-9ECEBBE7889F}"
EndProject
Project("{FAE04EC0-301F-11D3-BF4B-00C04F79EFBC}") = "FlowArchitecture.Worker.Orchestrator", "src\Hosting\FlowArchitecture.Worker.Orchestrator\FlowArchitecture.Worker.Orchestrator.csproj", "{88591931-D746-44A5-A62C-4C6A83D2F4EF}"
EndProject
Project("{FAE04EC0-301F-11D3-BF4B-00C04F79EFBC}") = "FlowArchitecture.Api.Gateway", "src\Hosting\FlowArchitecture.Api.Gateway\FlowArchitecture.Api.Gateway.csproj", "{E7B94316-10F4-4791-80C0-CB2EEF4C158E}"
EndProject
Project("{FAE04EC0-301F-11D3-BF4B-00C04F79EFBC}") = "FlowArchitecture.Api.Admin", "src\Hosting\FlowArchitecture.Api.Admin\FlowArchitecture.Api.Admin.csproj", "{59B935ED-B1B0-4D9C-A90B-E361245D5DE2}"
EndProject
Project("{FAE04EC0-301F-11D3-BF4B-00C04F79EFBC}") = "FlowArchitecture.Api.EntityManagement", "src\Hosting\FlowArchitecture.Api.EntityManagement\FlowArchitecture.Api.EntityManagement.csproj", "{DADD7E1B-F1D0-408A-B3E8-2B6D52960D6E}"
EndProject
Project("{2150E333-8FDC-42A3-9474-1A3956D46DE8}") = "UI", "UI", "{BBB7B94B-6E11-D9F1-7BA6-9ECA82DB22BF}"
EndProject
Project("{FAE04EC0-301F-11D3-BF4B-00C04F79EFBC}") = "FlowArchitecture.Admin.UI", "src\UI\FlowArchitecture.Admin.UI\FlowArchitecture.Admin.UI.csproj", "{CE6CC94D-B712-498B-9247-039ECA5DEF82}"
EndProject
Project("{FAE04EC0-301F-11D3-BF4B-00C04F79EFBC}") = "FlowArchitecture.Tests.Unit", "tests\FlowArchitecture.Tests.Unit\FlowArchitecture.Tests.Unit.csproj", "{CE986134-6999-481C-BC5E-0FC923922260}"
EndProject
Project("{FAE04EC0-301F-11D3-BF4B-00C04F79EFBC}") = "FlowArchitecture.Tests.Integration", "tests\FlowArchitecture.Tests.Integration\FlowArchitecture.Tests.Integration.csproj", "{EB9F6CA3-A772-4152-A4EC-45406A4ADA00}"
EndProject
Project("{FAE04EC0-301F-11D3-BF4B-00C04F79EFBC}") = "FlowArchitecture.Tests.System", "tests\FlowArchitecture.Tests.System\FlowArchitecture.Tests.System.csproj", "{E524B9E2-936C-4CF6-AD91-B56AE308B827}"
EndProject
Global
	GlobalSection(SolutionConfigurationPlatforms) = preSolution
		Debug|Any CPU = Debug|Any CPU
		Debug|x64 = Debug|x64
		Debug|x86 = Debug|x86
		Release|Any CPU = Release|Any CPU
		Release|x64 = Release|x64
		Release|x86 = Release|x86
	EndGlobalSection
	GlobalSection(ProjectConfigurationPlatforms) = postSolution
		{D7AFC12B-05EC-4D0E-BEAB-A1D27C8AD5BD}.Debug|Any CPU.ActiveCfg = Debug|Any CPU
		{D7AFC12B-05EC-4D0E-BEAB-A1D27C8AD5BD}.Debug|Any CPU.Build.0 = Debug|Any CPU
		{D7AFC12B-05EC-4D0E-BEAB-A1D27C8AD5BD}.Debug|x64.ActiveCfg = Debug|Any CPU
		{D7AFC12B-05EC-4D0E-BEAB-A1D27C8AD5BD}.Debug|x64.Build.0 = Debug|Any CPU
		{D7AFC12B-05EC-4D0E-BEAB-A1D27C8AD5BD}.Debug|x86.ActiveCfg = Debug|Any CPU
		{D7AFC12B-05EC-4D0E-BEAB-A1D27C8AD5BD}.Debug|x86.Build.0 = Debug|Any CPU
		{D7AFC12B-05EC-4D0E-BEAB-A1D27C8AD5BD}.Release|Any CPU.ActiveCfg = Release|Any CPU
		{D7AFC12B-05EC-4D0E-BEAB-A1D27C8AD5BD}.Release|Any CPU.Build.0 = Release|Any CPU
		{D7AFC12B-05EC-4D0E-BEAB-A1D27C8AD5BD}.Release|x64.ActiveCfg = Release|Any CPU
		{D7AFC12B-05EC-4D0E-BEAB-A1D27C8AD5BD}.Release|x64.Build.0 = Release|Any CPU
		{D7AFC12B-05EC-4D0E-BEAB-A1D27C8AD5BD}.Release|x86.ActiveCfg = Release|Any CPU
		{D7AFC12B-05EC-4D0E-BEAB-A1D27C8AD5BD}.Release|x86.Build.0 = Release|Any CPU
		{37D0EF0E-6293-4223-861B-C1D415F1E989}.Debug|Any CPU.ActiveCfg = Debug|Any CPU
		{37D0EF0E-6293-4223-861B-C1D415F1E989}.Debug|Any CPU.Build.0 = Debug|Any CPU
		{37D0EF0E-6293-4223-861B-C1D415F1E989}.Debug|x64.ActiveCfg = Debug|Any CPU
		{37D0EF0E-6293-4223-861B-C1D415F1E989}.Debug|x64.Build.0 = Debug|Any CPU
		{37D0EF0E-6293-4223-861B-C1D415F1E989}.Debug|x86.ActiveCfg = Debug|Any CPU
		{37D0EF0E-6293-4223-861B-C1D415F1E989}.Debug|x86.Build.0 = Debug|Any CPU
		{37D0EF0E-6293-4223-861B-C1D415F1E989}.Release|Any CPU.ActiveCfg = Release|Any CPU
		{37D0EF0E-6293-4223-861B-C1D415F1E989}.Release|Any CPU.Build.0 = Release|Any CPU
		{37D0EF0E-6293-4223-861B-C1D415F1E989}.Release|x64.ActiveCfg = Release|Any CPU
		{37D0EF0E-6293-4223-861B-C1D415F1E989}.Release|x64.Build.0 = Release|Any CPU
		{37D0EF0E-6293-4223-861B-C1D415F1E989}.Release|x86.ActiveCfg = Release|Any CPU
		{37D0EF0E-6293-4223-861B-C1D415F1E989}.Release|x86.Build.0 = Release|Any CPU
		{AFD5B973-A37C-49CF-938F-C8C1EE77C302}.Debug|Any CPU.ActiveCfg = Debug|Any CPU
		{AFD5B973-A37C-49CF-938F-C8C1EE77C302}.Debug|Any CPU.Build.0 = Debug|Any CPU
		{AFD5B973-A37C-49CF-938F-C8C1EE77C302}.Debug|x64.ActiveCfg = Debug|Any CPU
		{AFD5B973-A37C-49CF-938F-C8C1EE77C302}.Debug|x64.Build.0 = Debug|Any CPU
		{AFD5B973-A37C-49CF-938F-C8C1EE77C302}.Debug|x86.ActiveCfg = Debug|Any CPU
		{AFD5B973-A37C-49CF-938F-C8C1EE77C302}.Debug|x86.Build.0 = Debug|Any CPU
		{AFD5B973-A37C-49CF-938F-C8C1EE77C302}.Release|Any CPU.ActiveCfg = Release|Any CPU
		{AFD5B973-A37C-49CF-938F-C8C1EE77C302}.Release|Any CPU.Build.0 = Release|Any CPU
		{AFD5B973-A37C-49CF-938F-C8C1EE77C302}.Release|x64.ActiveCfg = Release|Any CPU
		{AFD5B973-A37C-49CF-938F-C8C1EE77C302}.Release|x64.Build.0 = Release|Any CPU
		{AFD5B973-A37C-49CF-938F-C8C1EE77C302}.Release|x86.ActiveCfg = Release|Any CPU
		{AFD5B973-A37C-49CF-938F-C8C1EE77C302}.Release|x86.Build.0 = Release|Any CPU
		{117B96E8-5CD1-4FAE-B4A3-78B942BBBF08}.Debug|Any CPU.ActiveCfg = Debug|Any CPU
		{117B96E8-5CD1-4FAE-B4A3-78B942BBBF08}.Debug|Any CPU.Build.0 = Debug|Any CPU
		{117B96E8-5CD1-4FAE-B4A3-78B942BBBF08}.Debug|x64.ActiveCfg = Debug|Any CPU
		{117B96E8-5CD1-4FAE-B4A3-78B942BBBF08}.Debug|x64.Build.0 = Debug|Any CPU
		{117B96E8-5CD1-4FAE-B4A3-78B942BBBF08}.Debug|x86.ActiveCfg = Debug|Any CPU
		{117B96E8-5CD1-4FAE-B4A3-78B942BBBF08}.Debug|x86.Build.0 = Debug|Any CPU
		{117B96E8-5CD1-4FAE-B4A3-78B942BBBF08}.Release|Any CPU.ActiveCfg = Release|Any CPU
		{117B96E8-5CD1-4FAE-B4A3-78B942BBBF08}.Release|Any CPU.Build.0 = Release|Any CPU
		{117B96E8-5CD1-4FAE-B4A3-78B942BBBF08}.Release|x64.ActiveCfg = Release|Any CPU
		{117B96E8-5CD1-4FAE-B4A3-78B942BBBF08}.Release|x64.Build.0 = Release|Any CPU
		{117B96E8-5CD1-4FAE-B4A3-78B942BBBF08}.Release|x86.ActiveCfg = Release|Any CPU
		{117B96E8-5CD1-4FAE-B4A3-78B942BBBF08}.Release|x86.Build.0 = Release|Any CPU
		{6155D879-475D-40EE-8C01-D69541356F46}.Debug|Any CPU.ActiveCfg = Debug|Any CPU
		{6155D879-475D-40EE-8C01-D69541356F46}.Debug|Any CPU.Build.0 = Debug|Any CPU
		{6155D879-475D-40EE-8C01-D69541356F46}.Debug|x64.ActiveCfg = Debug|Any CPU
		{6155D879-475D-40EE-8C01-D69541356F46}.Debug|x64.Build.0 = Debug|Any CPU
		{6155D879-475D-40EE-8C01-D69541356F46}.Debug|x86.ActiveCfg = Debug|Any CPU
		{6155D879-475D-40EE-8C01-D69541356F46}.Debug|x86.Build.0 = Debug|Any CPU
		{6155D879-475D-40EE-8C01-D69541356F46}.Release|Any CPU.ActiveCfg = Release|Any CPU
		{6155D879-475D-40EE-8C01-D69541356F46}.Release|Any CPU.Build.0 = Release|Any CPU
		{6155D879-475D-40EE-8C01-D69541356F46}.Release|x64.ActiveCfg = Release|Any CPU
		{6155D879-475D-40EE-8C01-D69541356F46}.Release|x64.Build.0 = Release|Any CPU
		{6155D879-475D-40EE-8C01-D69541356F46}.Release|x86.ActiveCfg = Release|Any CPU
		{6155D879-475D-40EE-8C01-D69541356F46}.Release|x86.Build.0 = Release|Any CPU
		{31C023BB-F37E-4D0D-A2B9-472FF700C464}.Debug|Any CPU.ActiveCfg = Debug|Any CPU
		{31C023BB-F37E-4D0D-A2B9-472FF700C464}.Debug|Any CPU.Build.0 = Debug|Any CPU
		{31C023BB-F37E-4D0D-A2B9-472FF700C464}.Debug|x64.ActiveCfg = Debug|Any CPU
		{31C023BB-F37E-4D0D-A2B9-472FF700C464}.Debug|x64.Build.0 = Debug|Any CPU
		{31C023BB-F37E-4D0D-A2B9-472FF700C464}.Debug|x86.ActiveCfg = Debug|Any CPU
		{31C023BB-F37E-4D0D-A2B9-472FF700C464}.Debug|x86.Build.0 = Debug|Any CPU
		{31C023BB-F37E-4D0D-A2B9-472FF700C464}.Release|Any CPU.ActiveCfg = Release|Any CPU
		{31C023BB-F37E-4D0D-A2B9-472FF700C464}.Release|Any CPU.Build.0 = Release|Any CPU
		{31C023BB-F37E-4D0D-A2B9-472FF700C464}.Release|x64.ActiveCfg = Release|Any CPU
		{31C023BB-F37E-4D0D-A2B9-472FF700C464}.Release|x64.Build.0 = Release|Any CPU
		{31C023BB-F37E-4D0D-A2B9-472FF700C464}.Release|x86.ActiveCfg = Release|Any CPU
		{31C023BB-F37E-4D0D-A2B9-472FF700C464}.Release|x86.Build.0 = Release|Any CPU
		{090EC8C8-B4E9-4639-80D0-85D99105AC35}.Debug|Any CPU.ActiveCfg = Debug|Any CPU
		{090EC8C8-B4E9-4639-80D0-85D99105AC35}.Debug|Any CPU.Build.0 = Debug|Any CPU
		{090EC8C8-B4E9-4639-80D0-85D99105AC35}.Debug|x64.ActiveCfg = Debug|Any CPU
		{090EC8C8-B4E9-4639-80D0-85D99105AC35}.Debug|x64.Build.0 = Debug|Any CPU
		{090EC8C8-B4E9-4639-80D0-85D99105AC35}.Debug|x86.ActiveCfg = Debug|Any CPU
		{090EC8C8-B4E9-4639-80D0-85D99105AC35}.Debug|x86.Build.0 = Debug|Any CPU
		{090EC8C8-B4E9-4639-80D0-85D99105AC35}.Release|Any CPU.ActiveCfg = Release|Any CPU
		{090EC8C8-B4E9-4639-80D0-85D99105AC35}.Release|Any CPU.Build.0 = Release|Any CPU
		{090EC8C8-B4E9-4639-80D0-85D99105AC35}.Release|x64.ActiveCfg = Release|Any CPU
		{090EC8C8-B4E9-4639-80D0-85D99105AC35}.Release|x64.Build.0 = Release|Any CPU
		{090EC8C8-B4E9-4639-80D0-85D99105AC35}.Release|x86.ActiveCfg = Release|Any CPU
		{090EC8C8-B4E9-4639-80D0-85D99105AC35}.Release|x86.Build.0 = Release|Any CPU
		{C4CD3AC9-45A7-4CA5-B93B-1AD6D94DD278}.Debug|Any CPU.ActiveCfg = Debug|Any CPU
		{C4CD3AC9-45A7-4CA5-B93B-1AD6D94DD278}.Debug|Any CPU.Build.0 = Debug|Any CPU
		{C4CD3AC9-45A7-4CA5-B93B-1AD6D94DD278}.Debug|x64.ActiveCfg = Debug|Any CPU
		{C4CD3AC9-45A7-4CA5-B93B-1AD6D94DD278}.Debug|x64.Build.0 = Debug|Any CPU
		{C4CD3AC9-45A7-4CA5-B93B-1AD6D94DD278}.Debug|x86.ActiveCfg = Debug|Any CPU
		{C4CD3AC9-45A7-4CA5-B93B-1AD6D94DD278}.Debug|x86.Build.0 = Debug|Any CPU
		{C4CD3AC9-45A7-4CA5-B93B-1AD6D94DD278}.Release|Any CPU.ActiveCfg = Release|Any CPU
		{C4CD3AC9-45A7-4CA5-B93B-1AD6D94DD278}.Release|Any CPU.Build.0 = Release|Any CPU
		{C4CD3AC9-45A7-4CA5-B93B-1AD6D94DD278}.Release|x64.ActiveCfg = Release|Any CPU
		{C4CD3AC9-45A7-4CA5-B93B-1AD6D94DD278}.Release|x64.Build.0 = Release|Any CPU
		{C4CD3AC9-45A7-4CA5-B93B-1AD6D94DD278}.Release|x86.ActiveCfg = Release|Any CPU
		{C4CD3AC9-45A7-4CA5-B93B-1AD6D94DD278}.Release|x86.Build.0 = Release|Any CPU
		{6DB53077-7B27-4338-B935-1E9F1EBDE87F}.Debug|Any CPU.ActiveCfg = Debug|Any CPU
		{6DB53077-7B27-4338-B935-1E9F1EBDE87F}.Debug|Any CPU.Build.0 = Debug|Any CPU
		{6DB53077-7B27-4338-B935-1E9F1EBDE87F}.Debug|x64.ActiveCfg = Debug|Any CPU
		{6DB53077-7B27-4338-B935-1E9F1EBDE87F}.Debug|x64.Build.0 = Debug|Any CPU
		{6DB53077-7B27-4338-B935-1E9F1EBDE87F}.Debug|x86.ActiveCfg = Debug|Any CPU
		{6DB53077-7B27-4338-B935-1E9F1EBDE87F}.Debug|x86.Build.0 = Debug|Any CPU
		{6DB53077-7B27-4338-B935-1E9F1EBDE87F}.Release|Any CPU.ActiveCfg = Release|Any CPU
		{6DB53077-7B27-4338-B935-1E9F1EBDE87F}.Release|Any CPU.Build.0 = Release|Any CPU
		{6DB53077-7B27-4338-B935-1E9F1EBDE87F}.Release|x64.ActiveCfg = Release|Any CPU
		{6DB53077-7B27-4338-B935-1E9F1EBDE87F}.Release|x64.Build.0 = Release|Any CPU
		{6DB53077-7B27-4338-B935-1E9F1EBDE87F}.Release|x86.ActiveCfg = Release|Any CPU
		{6DB53077-7B27-4338-B935-1E9F1EBDE87F}.Release|x86.Build.0 = Release|Any CPU
		{BD492D37-A1D6-4DB4-87AD-6E71577DD802}.Debug|Any CPU.ActiveCfg = Debug|Any CPU
		{BD492D37-A1D6-4DB4-87AD-6E71577DD802}.Debug|Any CPU.Build.0 = Debug|Any CPU
		{BD492D37-A1D6-4DB4-87AD-6E71577DD802}.Debug|x64.ActiveCfg = Debug|Any CPU
		{BD492D37-A1D6-4DB4-87AD-6E71577DD802}.Debug|x64.Build.0 = Debug|Any CPU
		{BD492D37-A1D6-4DB4-87AD-6E71577DD802}.Debug|x86.ActiveCfg = Debug|Any CPU
		{BD492D37-A1D6-4DB4-87AD-6E71577DD802}.Debug|x86.Build.0 = Debug|Any CPU
		{BD492D37-A1D6-4DB4-87AD-6E71577DD802}.Release|Any CPU.ActiveCfg = Release|Any CPU
		{BD492D37-A1D6-4DB4-87AD-6E71577DD802}.Release|Any CPU.Build.0 = Release|Any CPU
		{BD492D37-A1D6-4DB4-87AD-6E71577DD802}.Release|x64.ActiveCfg = Release|Any CPU
		{BD492D37-A1D6-4DB4-87AD-6E71577DD802}.Release|x64.Build.0 = Release|Any CPU
		{BD492D37-A1D6-4DB4-87AD-6E71577DD802}.Release|x86.ActiveCfg = Release|Any CPU
		{BD492D37-A1D6-4DB4-87AD-6E71577DD802}.Release|x86.Build.0 = Release|Any CPU
		{393793A5-3FAC-4C79-9439-825D672C08B5}.Debug|Any CPU.ActiveCfg = Debug|Any CPU
		{393793A5-3FAC-4C79-9439-825D672C08B5}.Debug|Any CPU.Build.0 = Debug|Any CPU
		{393793A5-3FAC-4C79-9439-825D672C08B5}.Debug|x64.ActiveCfg = Debug|Any CPU
		{393793A5-3FAC-4C79-9439-825D672C08B5}.Debug|x64.Build.0 = Debug|Any CPU
		{393793A5-3FAC-4C79-9439-825D672C08B5}.Debug|x86.ActiveCfg = Debug|Any CPU
		{393793A5-3FAC-4C79-9439-825D672C08B5}.Debug|x86.Build.0 = Debug|Any CPU
		{393793A5-3FAC-4C79-9439-825D672C08B5}.Release|Any CPU.ActiveCfg = Release|Any CPU
		{393793A5-3FAC-4C79-9439-825D672C08B5}.Release|Any CPU.Build.0 = Release|Any CPU
		{393793A5-3FAC-4C79-9439-825D672C08B5}.Release|x64.ActiveCfg = Release|Any CPU
		{393793A5-3FAC-4C79-9439-825D672C08B5}.Release|x64.Build.0 = Release|Any CPU
		{393793A5-3FAC-4C79-9439-825D672C08B5}.Release|x86.ActiveCfg = Release|Any CPU
		{393793A5-3FAC-4C79-9439-825D672C08B5}.Release|x86.Build.0 = Release|Any CPU
		{A73DE59F-2209-43EF-879A-14202DF948B6}.Debug|Any CPU.ActiveCfg = Debug|Any CPU
		{A73DE59F-2209-43EF-879A-14202DF948B6}.Debug|Any CPU.Build.0 = Debug|Any CPU
		{A73DE59F-2209-43EF-879A-14202DF948B6}.Debug|x64.ActiveCfg = Debug|Any CPU
		{A73DE59F-2209-43EF-879A-14202DF948B6}.Debug|x64.Build.0 = Debug|Any CPU
		{A73DE59F-2209-43EF-879A-14202DF948B6}.Debug|x86.ActiveCfg = Debug|Any CPU
		{A73DE59F-2209-43EF-879A-14202DF948B6}.Debug|x86.Build.0 = Debug|Any CPU
		{A73DE59F-2209-43EF-879A-14202DF948B6}.Release|Any CPU.ActiveCfg = Release|Any CPU
		{A73DE59F-2209-43EF-879A-14202DF948B6}.Release|Any CPU.Build.0 = Release|Any CPU
		{A73DE59F-2209-43EF-879A-14202DF948B6}.Release|x64.ActiveCfg = Release|Any CPU
		{A73DE59F-2209-43EF-879A-14202DF948B6}.Release|x64.Build.0 = Release|Any CPU
		{A73DE59F-2209-43EF-879A-14202DF948B6}.Release|x86.ActiveCfg = Release|Any CPU
		{A73DE59F-2209-43EF-879A-14202DF948B6}.Release|x86.Build.0 = Release|Any CPU
		{67FAD5E4-25D2-4C54-830D-945FF5A740F0}.Debug|Any CPU.ActiveCfg = Debug|Any CPU
		{67FAD5E4-25D2-4C54-830D-945FF5A740F0}.Debug|Any CPU.Build.0 = Debug|Any CPU
		{67FAD5E4-25D2-4C54-830D-945FF5A740F0}.Debug|x64.ActiveCfg = Debug|Any CPU
		{67FAD5E4-25D2-4C54-830D-945FF5A740F0}.Debug|x64.Build.0 = Debug|Any CPU
		{67FAD5E4-25D2-4C54-830D-945FF5A740F0}.Debug|x86.ActiveCfg = Debug|Any CPU
		{67FAD5E4-25D2-4C54-830D-945FF5A740F0}.Debug|x86.Build.0 = Debug|Any CPU
		{67FAD5E4-25D2-4C54-830D-945FF5A740F0}.Release|Any CPU.ActiveCfg = Release|Any CPU
		{67FAD5E4-25D2-4C54-830D-945FF5A740F0}.Release|Any CPU.Build.0 = Release|Any CPU
		{67FAD5E4-25D2-4C54-830D-945FF5A740F0}.Release|x64.ActiveCfg = Release|Any CPU
		{67FAD5E4-25D2-4C54-830D-945FF5A740F0}.Release|x64.Build.0 = Release|Any CPU
		{67FAD5E4-25D2-4C54-830D-945FF5A740F0}.Release|x86.ActiveCfg = Release|Any CPU
		{67FAD5E4-25D2-4C54-830D-945FF5A740F0}.Release|x86.Build.0 = Release|Any CPU
		{A21E6821-EA09-4275-AE4B-48D6D972D454}.Debug|Any CPU.ActiveCfg = Debug|Any CPU
		{A21E6821-EA09-4275-AE4B-48D6D972D454}.Debug|Any CPU.Build.0 = Debug|Any CPU
		{A21E6821-EA09-4275-AE4B-48D6D972D454}.Debug|x64.ActiveCfg = Debug|Any CPU
		{A21E6821-EA09-4275-AE4B-48D6D972D454}.Debug|x64.Build.0 = Debug|Any CPU
		{A21E6821-EA09-4275-AE4B-48D6D972D454}.Debug|x86.ActiveCfg = Debug|Any CPU
		{A21E6821-EA09-4275-AE4B-48D6D972D454}.Debug|x86.Build.0 = Debug|Any CPU
		{A21E6821-EA09-4275-AE4B-48D6D972D454}.Release|Any CPU.ActiveCfg = Release|Any CPU
		{A21E6821-EA09-4275-AE4B-48D6D972D454}.Release|Any CPU.Build.0 = Release|Any CPU
		{A21E6821-EA09-4275-AE4B-48D6D972D454}.Release|x64.ActiveCfg = Release|Any CPU
		{A21E6821-EA09-4275-AE4B-48D6D972D454}.Release|x64.Build.0 = Release|Any CPU
		{A21E6821-EA09-4275-AE4B-48D6D972D454}.Release|x86.ActiveCfg = Release|Any CPU
		{A21E6821-EA09-4275-AE4B-48D6D972D454}.Release|x86.Build.0 = Release|Any CPU
		{E020ACF6-DDC5-441F-9A85-50AB5512BF21}.Debug|Any CPU.ActiveCfg = Debug|Any CPU
		{E020ACF6-DDC5-441F-9A85-50AB5512BF21}.Debug|Any CPU.Build.0 = Debug|Any CPU
		{E020ACF6-DDC5-441F-9A85-50AB5512BF21}.Debug|x64.ActiveCfg = Debug|Any CPU
		{E020ACF6-DDC5-441F-9A85-50AB5512BF21}.Debug|x64.Build.0 = Debug|Any CPU
		{E020ACF6-DDC5-441F-9A85-50AB5512BF21}.Debug|x86.ActiveCfg = Debug|Any CPU
		{E020ACF6-DDC5-441F-9A85-50AB5512BF21}.Debug|x86.Build.0 = Debug|Any CPU
		{E020ACF6-DDC5-441F-9A85-50AB5512BF21}.Release|Any CPU.ActiveCfg = Release|Any CPU
		{E020ACF6-DDC5-441F-9A85-50AB5512BF21}.Release|Any CPU.Build.0 = Release|Any CPU
		{E020ACF6-DDC5-441F-9A85-50AB5512BF21}.Release|x64.ActiveCfg = Release|Any CPU
		{E020ACF6-DDC5-441F-9A85-50AB5512BF21}.Release|x64.Build.0 = Release|Any CPU
		{E020ACF6-DDC5-441F-9A85-50AB5512BF21}.Release|x86.ActiveCfg = Release|Any CPU
		{E020ACF6-DDC5-441F-9A85-50AB5512BF21}.Release|x86.Build.0 = Release|Any CPU
		{A6560DCD-241E-4782-8811-372FB139D0B7}.Debug|Any CPU.ActiveCfg = Debug|Any CPU
		{A6560DCD-241E-4782-8811-372FB139D0B7}.Debug|Any CPU.Build.0 = Debug|Any CPU
		{A6560DCD-241E-4782-8811-372FB139D0B7}.Debug|x64.ActiveCfg = Debug|Any CPU
		{A6560DCD-241E-4782-8811-372FB139D0B7}.Debug|x64.Build.0 = Debug|Any CPU
		{A6560DCD-241E-4782-8811-372FB139D0B7}.Debug|x86.ActiveCfg = Debug|Any CPU
		{A6560DCD-241E-4782-8811-372FB139D0B7}.Debug|x86.Build.0 = Debug|Any CPU
		{A6560DCD-241E-4782-8811-372FB139D0B7}.Release|Any CPU.ActiveCfg = Release|Any CPU
		{A6560DCD-241E-4782-8811-372FB139D0B7}.Release|Any CPU.Build.0 = Release|Any CPU
		{A6560DCD-241E-4782-8811-372FB139D0B7}.Release|x64.ActiveCfg = Release|Any CPU
		{A6560DCD-241E-4782-8811-372FB139D0B7}.Release|x64.Build.0 = Release|Any CPU
		{A6560DCD-241E-4782-8811-372FB139D0B7}.Release|x86.ActiveCfg = Release|Any CPU
		{A6560DCD-241E-4782-8811-372FB139D0B7}.Release|x86.Build.0 = Release|Any CPU
		{7C19750E-9318-4672-BA38-9ECEBBE7889F}.Debug|Any CPU.ActiveCfg = Debug|Any CPU
		{7C19750E-9318-4672-BA38-9ECEBBE7889F}.Debug|Any CPU.Build.0 = Debug|Any CPU
		{7C19750E-9318-4672-BA38-9ECEBBE7889F}.Debug|x64.ActiveCfg = Debug|Any CPU
		{7C19750E-9318-4672-BA38-9ECEBBE7889F}.Debug|x64.Build.0 = Debug|Any CPU
		{7C19750E-9318-4672-BA38-9ECEBBE7889F}.Debug|x86.ActiveCfg = Debug|Any CPU
		{7C19750E-9318-4672-BA38-9ECEBBE7889F}.Debug|x86.Build.0 = Debug|Any CPU
		{7C19750E-9318-4672-BA38-9ECEBBE7889F}.Release|Any CPU.ActiveCfg = Release|Any CPU
		{7C19750E-9318-4672-BA38-9ECEBBE7889F}.Release|Any CPU.Build.0 = Release|Any CPU
		{7C19750E-9318-4672-BA38-9ECEBBE7889F}.Release|x64.ActiveCfg = Release|Any CPU
		{7C19750E-9318-4672-BA38-9ECEBBE7889F}.Release|x64.Build.0 = Release|Any CPU
		{7C19750E-9318-4672-BA38-9ECEBBE7889F}.Release|x86.ActiveCfg = Release|Any CPU
		{7C19750E-9318-4672-BA38-9ECEBBE7889F}.Release|x86.Build.0 = Release|Any CPU
		{88591931-D746-44A5-A62C-4C6A83D2F4EF}.Debug|Any CPU.ActiveCfg = Debug|Any CPU
		{88591931-D746-44A5-A62C-4C6A83D2F4EF}.Debug|Any CPU.Build.0 = Debug|Any CPU
		{88591931-D746-44A5-A62C-4C6A83D2F4EF}.Debug|x64.ActiveCfg = Debug|Any CPU
		{88591931-D746-44A5-A62C-4C6A83D2F4EF}.Debug|x64.Build.0 = Debug|Any CPU
		{88591931-D746-44A5-A62C-4C6A83D2F4EF}.Debug|x86.ActiveCfg = Debug|Any CPU
		{88591931-D746-44A5-A62C-4C6A83D2F4EF}.Debug|x86.Build.0 = Debug|Any CPU
		{88591931-D746-44A5-A62C-4C6A83D2F4EF}.Release|Any CPU.ActiveCfg = Release|Any CPU
		{88591931-D746-44A5-A62C-4C6A83D2F4EF}.Release|Any CPU.Build.0 = Release|Any CPU
		{88591931-D746-44A5-A62C-4C6A83D2F4EF}.Release|x64.ActiveCfg = Release|Any CPU
		{88591931-D746-44A5-A62C-4C6A83D2F4EF}.Release|x64.Build.0 = Release|Any CPU
		{88591931-D746-44A5-A62C-4C6A83D2F4EF}.Release|x86.ActiveCfg = Release|Any CPU
		{88591931-D746-44A5-A62C-4C6A83D2F4EF}.Release|x86.Build.0 = Release|Any CPU
		{E7B94316-10F4-4791-80C0-CB2EEF4C158E}.Debug|Any CPU.ActiveCfg = Debug|Any CPU
		{E7B94316-10F4-4791-80C0-CB2EEF4C158E}.Debug|Any CPU.Build.0 = Debug|Any CPU
		{E7B94316-10F4-4791-80C0-CB2EEF4C158E}.Debug|x64.ActiveCfg = Debug|Any CPU
		{E7B94316-10F4-4791-80C0-CB2EEF4C158E}.Debug|x64.Build.0 = Debug|Any CPU
		{E7B94316-10F4-4791-80C0-CB2EEF4C158E}.Debug|x86.ActiveCfg = Debug|Any CPU
		{E7B94316-10F4-4791-80C0-CB2EEF4C158E}.Debug|x86.Build.0 = Debug|Any CPU
		{E7B94316-10F4-4791-80C0-CB2EEF4C158E}.Release|Any CPU.ActiveCfg = Release|Any CPU
		{E7B94316-10F4-4791-80C0-CB2EEF4C158E}.Release|Any CPU.Build.0 = Release|Any CPU
		{E7B94316-10F4-4791-80C0-CB2EEF4C158E}.Release|x64.ActiveCfg = Release|Any CPU
		{E7B94316-10F4-4791-80C0-CB2EEF4C158E}.Release|x64.Build.0 = Release|Any CPU
		{E7B94316-10F4-4791-80C0-CB2EEF4C158E}.Release|x86.ActiveCfg = Release|Any CPU
		{E7B94316-10F4-4791-80C0-CB2EEF4C158E}.Release|x86.Build.0 = Release|Any CPU
		{59B935ED-B1B0-4D9C-A90B-E361245D5DE2}.Debug|Any CPU.ActiveCfg = Debug|Any CPU
		{59B935ED-B1B0-4D9C-A90B-E361245D5DE2}.Debug|Any CPU.Build.0 = Debug|Any CPU
		{59B935ED-B1B0-4D9C-A90B-E361245D5DE2}.Debug|x64.ActiveCfg = Debug|Any CPU
		{59B935ED-B1B0-4D9C-A90B-E361245D5DE2}.Debug|x64.Build.0 = Debug|Any CPU
		{59B935ED-B1B0-4D9C-A90B-E361245D5DE2}.Debug|x86.ActiveCfg = Debug|Any CPU
		{59B935ED-B1B0-4D9C-A90B-E361245D5DE2}.Debug|x86.Build.0 = Debug|Any CPU
		{59B935ED-B1B0-4D9C-A90B-E361245D5DE2}.Release|Any CPU.ActiveCfg = Release|Any CPU
		{59B935ED-B1B0-4D9C-A90B-E361245D5DE2}.Release|Any CPU.Build.0 = Release|Any CPU
		{59B935ED-B1B0-4D9C-A90B-E361245D5DE2}.Release|x64.ActiveCfg = Release|Any CPU
		{59B935ED-B1B0-4D9C-A90B-E361245D5DE2}.Release|x64.Build.0 = Release|Any CPU
		{59B935ED-B1B0-4D9C-A90B-E361245D5DE2}.Release|x86.ActiveCfg = Release|Any CPU
		{59B935ED-B1B0-4D9C-A90B-E361245D5DE2}.Release|x86.Build.0 = Release|Any CPU
		{DADD7E1B-F1D0-408A-B3E8-2B6D52960D6E}.Debug|Any CPU.ActiveCfg = Debug|Any CPU
		{DADD7E1B-F1D0-408A-B3E8-2B6D52960D6E}.Debug|Any CPU.Build.0 = Debug|Any CPU
		{DADD7E1B-F1D0-408A-B3E8-2B6D52960D6E}.Debug|x64.ActiveCfg = Debug|Any CPU
		{DADD7E1B-F1D0-408A-B3E8-2B6D52960D6E}.Debug|x64.Build.0 = Debug|Any CPU
		{DADD7E1B-F1D0-408A-B3E8-2B6D52960D6E}.Debug|x86.ActiveCfg = Debug|Any CPU
		{DADD7E1B-F1D0-408A-B3E8-2B6D52960D6E}.Debug|x86.Build.0 = Debug|Any CPU
		{DADD7E1B-F1D0-408A-B3E8-2B6D52960D6E}.Release|Any CPU.ActiveCfg = Release|Any CPU
		{DADD7E1B-F1D0-408A-B3E8-2B6D52960D6E}.Release|Any CPU.Build.0 = Release|Any CPU
		{DADD7E1B-F1D0-408A-B3E8-2B6D52960D6E}.Release|x64.ActiveCfg = Release|Any CPU
		{DADD7E1B-F1D0-408A-B3E8-2B6D52960D6E}.Release|x64.Build.0 = Release|Any CPU
		{DADD7E1B-F1D0-408A-B3E8-2B6D52960D6E}.Release|x86.ActiveCfg = Release|Any CPU
		{DADD7E1B-F1D0-408A-B3E8-2B6D52960D6E}.Release|x86.Build.0 = Release|Any CPU
		{CE6CC94D-B712-498B-9247-039ECA5DEF82}.Debug|Any CPU.ActiveCfg = Debug|Any CPU
		{CE6CC94D-B712-498B-9247-039ECA5DEF82}.Debug|Any CPU.Build.0 = Debug|Any CPU
		{CE6CC94D-B712-498B-9247-039ECA5DEF82}.Debug|x64.ActiveCfg = Debug|Any CPU
		{CE6CC94D-B712-498B-9247-039ECA5DEF82}.Debug|x64.Build.0 = Debug|Any CPU
		{CE6CC94D-B712-498B-9247-039ECA5DEF82}.Debug|x86.ActiveCfg = Debug|Any CPU
		{CE6CC94D-B712-498B-9247-039ECA5DEF82}.Debug|x86.Build.0 = Debug|Any CPU
		{CE6CC94D-B712-498B-9247-039ECA5DEF82}.Release|Any CPU.ActiveCfg = Release|Any CPU
		{CE6CC94D-B712-498B-9247-039ECA5DEF82}.Release|Any CPU.Build.0 = Release|Any CPU
		{CE6CC94D-B712-498B-9247-039ECA5DEF82}.Release|x64.ActiveCfg = Release|Any CPU
		{CE6CC94D-B712-498B-9247-039ECA5DEF82}.Release|x64.Build.0 = Release|Any CPU
		{CE6CC94D-B712-498B-9247-039ECA5DEF82}.Release|x86.ActiveCfg = Release|Any CPU
		{CE6CC94D-B712-498B-9247-039ECA5DEF82}.Release|x86.Build.0 = Release|Any CPU
		{CE986134-6999-481C-BC5E-0FC923922260}.Debug|Any CPU.ActiveCfg = Debug|Any CPU
		{CE986134-6999-481C-BC5E-0FC923922260}.Debug|Any CPU.Build.0 = Debug|Any CPU
		{CE986134-6999-481C-BC5E-0FC923922260}.Debug|x64.ActiveCfg = Debug|Any CPU
		{CE986134-6999-481C-BC5E-0FC923922260}.Debug|x64.Build.0 = Debug|Any CPU
		{CE986134-6999-481C-BC5E-0FC923922260}.Debug|x86.ActiveCfg = Debug|Any CPU
		{CE986134-6999-481C-BC5E-0FC923922260}.Debug|x86.Build.0 = Debug|Any CPU
		{CE986134-6999-481C-BC5E-0FC923922260}.Release|Any CPU.ActiveCfg = Release|Any CPU
		{CE986134-6999-481C-BC5E-0FC923922260}.Release|Any CPU.Build.0 = Release|Any CPU
		{CE986134-6999-481C-BC5E-0FC923922260}.Release|x64.ActiveCfg = Release|Any CPU
		{CE986134-6999-481C-BC5E-0FC923922260}.Release|x64.Build.0 = Release|Any CPU
		{CE986134-6999-481C-BC5E-0FC923922260}.Release|x86.ActiveCfg = Release|Any CPU
		{CE986134-6999-481C-BC5E-0FC923922260}.Release|x86.Build.0 = Release|Any CPU
		{EB9F6CA3-A772-4152-A4EC-45406A4ADA00}.Debug|Any CPU.ActiveCfg = Debug|Any CPU
		{EB9F6CA3-A772-4152-A4EC-45406A4ADA00}.Debug|Any CPU.Build.0 = Debug|Any CPU
		{EB9F6CA3-A772-4152-A4EC-45406A4ADA00}.Debug|x64.ActiveCfg = Debug|Any CPU
		{EB9F6CA3-A772-4152-A4EC-45406A4ADA00}.Debug|x64.Build.0 = Debug|Any CPU
		{EB9F6CA3-A772-4152-A4EC-45406A4ADA00}.Debug|x86.ActiveCfg = Debug|Any CPU
		{EB9F6CA3-A772-4152-A4EC-45406A4ADA00}.Debug|x86.Build.0 = Debug|Any CPU
		{EB9F6CA3-A772-4152-A4EC-45406A4ADA00}.Release|Any CPU.ActiveCfg = Release|Any CPU
		{EB9F6CA3-A772-4152-A4EC-45406A4ADA00}.Release|Any CPU.Build.0 = Release|Any CPU
		{EB9F6CA3-A772-4152-A4EC-45406A4ADA00}.Release|x64.ActiveCfg = Release|Any CPU
		{EB9F6CA3-A772-4152-A4EC-45406A4ADA00}.Release|x64.Build.0 = Release|Any CPU
		{EB9F6CA3-A772-4152-A4EC-45406A4ADA00}.Release|x86.ActiveCfg = Release|Any CPU
		{EB9F6CA3-A772-4152-A4EC-45406A4ADA00}.Release|x86.Build.0 = Release|Any CPU
		{E524B9E2-936C-4CF6-AD91-B56AE308B827}.Debug|Any CPU.ActiveCfg = Debug|Any CPU
		{E524B9E2-936C-4CF6-AD91-B56AE308B827}.Debug|Any CPU.Build.0 = Debug|Any CPU
		{E524B9E2-936C-4CF6-AD91-B56AE308B827}.Debug|x64.ActiveCfg = Debug|Any CPU
		{E524B9E2-936C-4CF6-AD91-B56AE308B827}.Debug|x64.Build.0 = Debug|Any CPU
		{E524B9E2-936C-4CF6-AD91-B56AE308B827}.Debug|x86.ActiveCfg = Debug|Any CPU
		{E524B9E2-936C-4CF6-AD91-B56AE308B827}.Debug|x86.Build.0 = Debug|Any CPU
		{E524B9E2-936C-4CF6-AD91-B56AE308B827}.Release|Any CPU.ActiveCfg = Release|Any CPU
		{E524B9E2-936C-4CF6-AD91-B56AE308B827}.Release|Any CPU.Build.0 = Release|Any CPU
		{E524B9E2-936C-4CF6-AD91-B56AE308B827}.Release|x64.ActiveCfg = Release|Any CPU
		{E524B9E2-936C-4CF6-AD91-B56AE308B827}.Release|x64.Build.0 = Release|Any CPU
		{E524B9E2-936C-4CF6-AD91-B56AE308B827}.Release|x86.ActiveCfg = Release|Any CPU
		{E524B9E2-936C-4CF6-AD91-B56AE308B827}.Release|x86.Build.0 = Release|Any CPU
	EndGlobalSection
	GlobalSection(SolutionProperties) = preSolution
		HideSolutionNode = FALSE
	EndGlobalSection
	GlobalSection(NestedProjects) = preSolution
		{8D626EA8-CB54-BC41-363A-217881BEBA6E} = {827E0CD3-B72D-47B6-A68D-7590B98EB39B}
		{D7AFC12B-05EC-4D0E-BEAB-A1D27C8AD5BD} = {8D626EA8-CB54-BC41-363A-217881BEBA6E}
		{37D0EF0E-6293-4223-861B-C1D415F1E989} = {8D626EA8-CB54-BC41-363A-217881BEBA6E}
		{984BB9B3-3FA3-BE33-9484-CAC21695A33C} = {827E0CD3-B72D-47B6-A68D-7590B98EB39B}
		{AFD5B973-A37C-49CF-938F-C8C1EE77C302} = {984BB9B3-3FA3-BE33-9484-CAC21695A33C}
		{117B96E8-5CD1-4FAE-B4A3-78B942BBBF08} = {984BB9B3-3FA3-BE33-9484-CAC21695A33C}
		{6155D879-475D-40EE-8C01-D69541356F46} = {984BB9B3-3FA3-BE33-9484-CAC21695A33C}
		{31C023BB-F37E-4D0D-A2B9-472FF700C464} = {984BB9B3-3FA3-BE33-9484-CAC21695A33C}
		{090EC8C8-B4E9-4639-80D0-85D99105AC35} = {984BB9B3-3FA3-BE33-9484-CAC21695A33C}
		{351A7BE6-B036-BDE8-A0F1-BA266E226DDF} = {827E0CD3-B72D-47B6-A68D-7590B98EB39B}
		{C4CD3AC9-45A7-4CA5-B93B-1AD6D94DD278} = {351A7BE6-B036-BDE8-A0F1-BA266E226DDF}
		{6DB53077-7B27-4338-B935-1E9F1EBDE87F} = {351A7BE6-B036-BDE8-A0F1-BA266E226DDF}
		{5F5D2DA1-D523-9746-CCCB-000D35E306D2} = {827E0CD3-B72D-47B6-A68D-7590B98EB39B}
		{BD492D37-A1D6-4DB4-87AD-6E71577DD802} = {5F5D2DA1-D523-9746-CCCB-000D35E306D2}
		{393793A5-3FAC-4C79-9439-825D672C08B5} = {5F5D2DA1-D523-9746-CCCB-000D35E306D2}
		{9048EB7F-3875-A59E-E36B-5BD4C6F2A282} = {827E0CD3-B72D-47B6-A68D-7590B98EB39B}
		{A73DE59F-2209-43EF-879A-14202DF948B6} = {9048EB7F-3875-A59E-E36B-5BD4C6F2A282}
		{67FAD5E4-25D2-4C54-830D-945FF5A740F0} = {9048EB7F-3875-A59E-E36B-5BD4C6F2A282}
		{A21E6821-EA09-4275-AE4B-48D6D972D454} = {9048EB7F-3875-A59E-E36B-5BD4C6F2A282}
		{F489E2D5-C65D-9AA9-2B96-C7DF79630172} = {827E0CD3-B72D-47B6-A68D-7590B98EB39B}
		{E020ACF6-DDC5-441F-9A85-50AB5512BF21} = {F489E2D5-C65D-9AA9-2B96-C7DF79630172}
		{A6560DCD-241E-4782-8811-372FB139D0B7} = {F489E2D5-C65D-9AA9-2B96-C7DF79630172}
		{7C19750E-9318-4672-BA38-9ECEBBE7889F} = {F489E2D5-C65D-9AA9-2B96-C7DF79630172}
		{88591931-D746-44A5-A62C-4C6A83D2F4EF} = {F489E2D5-C65D-9AA9-2B96-C7DF79630172}
		{E7B94316-10F4-4791-80C0-CB2EEF4C158E} = {F489E2D5-C65D-9AA9-2B96-C7DF79630172}
		{59B935ED-B1B0-4D9C-A90B-E361245D5DE2} = {F489E2D5-C65D-9AA9-2B96-C7DF79630172}
		{DADD7E1B-F1D0-408A-B3E8-2B6D52960D6E} = {F489E2D5-C65D-9AA9-2B96-C7DF79630172}
		{BBB7B94B-6E11-D9F1-7BA6-9ECA82DB22BF} = {827E0CD3-B72D-47B6-A68D-7590B98EB39B}
		{CE6CC94D-B712-498B-9247-039ECA5DEF82} = {BBB7B94B-6E11-D9F1-7BA6-9ECA82DB22BF}
		{CE986134-6999-481C-BC5E-0FC923922260} = {BBB7B94B-6E11-D9F1-7BA6-9ECA82DB22BF}
		{EB9F6CA3-A772-4152-A4EC-45406A4ADA00} = {BBB7B94B-6E11-D9F1-7BA6-9ECA82DB22BF}
		{E524B9E2-936C-4CF6-AD91-B56AE308B827} = {BBB7B94B-6E11-D9F1-7BA6-9ECA82DB22BF}
	EndGlobalSection
EndGlobal
